{
  "name": "elemental_masters",
  "lockfileVersion": 3,
  "requires": true,
  "packages": {
    "": {
      "dependencies": {
        "@regosen/gapless-5": "^1.4.1"
      }
    },
    "node_modules/@regosen/gapless-5": {
      "version": "1.4.1",
      "resolved": "https://registry.npmjs.org/@regosen/gapless-5/-/gapless-5-1.4.1.tgz",
      "integrity": "sha512-iTlep6pIf9jGWR7QKhixkjv5/vUcqABphHkYJBl9tqOoK59YbxEnoVnQmrAeLf5ReBLcGd7BiXSuvrkzm3189A=="
    }
  }
}
